Microsoft Visual Studio Solution File, Format Version 12.00
# Visual Studio Version 16
VisualStudioVersion = 16.0.32602.291
MinimumVisualStudioVersion = 10.0.40219.1
Project("{8BC9CEB8-8B4A-11D0-8D11-00A0C91BC942}") = "vkcube", "vkcube.vcxproj", "{B84A5FC9-9C30-4485-A650-4913C5700215}"
EndProject
Project("{8BC9CEB8-8B4A-11D0-8D11-00A0C91BC942}") = "vkcubepp", "vkcubepp.vcxproj", "{157661F1-12B5-471E-AE1F-FE80D5466618}"
EndProject
Project("{8BC9CEB8-8B4A-11D0-8D11-00A0C91BC942}") = "vulkaninfo", "vulkaninfo.vcxproj", "{7D88DD3E-2DC0-4F96-AACB-63A1478627D6}"
EndProject
Project("{8BC9CEB8-8B4A-11D0-8D11-00A0C91BC942}") = "vkapp", "vkapp\vkapp.vcxproj", "{5A4234BA-9B20-4CD4-B9F0-D7BC800EDB93}"
EndProject
Project("{8BC9CEB8-8B4A-11D0-8D11-00A0C91BC942}") = "vktutorial", "vktutorial\vktutorial.vcxproj", "{45A7F934-B26F-486E-9CE9-67E9183B8712}"
EndProject
Global
	GlobalSection(SolutionConfigurationPlatforms) = preSolution
		Debug|Win32 = Debug|Win32
		Debug|x64 = Debug|x64
		Release|Win32 = Release|Win32
		Release|x64 = Release|x64
	EndGlobalSection
	GlobalSection(ProjectConfigurationPlatforms) = postSolution
		{B84A5FC9-9C30-4485-A650-4913C5700215}.Debug|Win32.ActiveCfg = Debug|Win32
		{B84A5FC9-9C30-4485-A650-4913C5700215}.Debug|Win32.Build.0 = Debug|Win32
		{B84A5FC9-9C30-4485-A650-4913C5700215}.Debug|x64.ActiveCfg = Debug|x64
		{B84A5FC9-9C30-4485-A650-4913C5700215}.Debug|x64.Build.0 = Debug|x64
		{B84A5FC9-9C30-4485-A650-4913C5700215}.Release|Win32.ActiveCfg = Release|Win32
		{B84A5FC9-9C30-4485-A650-4913C5700215}.Release|Win32.Build.0 = Release|Win32
		{B84A5FC9-9C30-4485-A650-4913C5700215}.Release|x64.ActiveCfg = Release|x64
		{B84A5FC9-9C30-4485-A650-4913C5700215}.Release|x64.Build.0 = Release|x64
		{157661F1-12B5-471E-AE1F-FE80D5466618}.Debug|Win32.ActiveCfg = Debug|Win32
		{157661F1-12B5-471E-AE1F-FE80D5466618}.Debug|Win32.Build.0 = Debug|Win32
		{157661F1-12B5-471E-AE1F-FE80D5466618}.Debug|x64.ActiveCfg = Debug|x64
		{157661F1-12B5-471E-AE1F-FE80D5466618}.Debug|x64.Build.0 = Debug|x64
		{157661F1-12B5-471E-AE1F-FE80D5466618}.Release|Win32.ActiveCfg = Release|Win32
		{157661F1-12B5-471E-AE1F-FE80D5466618}.Release|Win32.Build.0 = Release|Win32
		{157661F1-12B5-471E-AE1F-FE80D5466618}.Release|x64.ActiveCfg = Release|x64
		{157661F1-12B5-471E-AE1F-FE80D5466618}.Release|x64.Build.0 = Release|x64
		{7D88DD3E-2DC0-4F96-AACB-63A1478627D6}.Debug|Win32.ActiveCfg = Debug|Win32
		{7D88DD3E-2DC0-4F96-AACB-63A1478627D6}.Debug|Win32.Build.0 = Debug|Win32
		{7D88DD3E-2DC0-4F96-AACB-63A1478627D6}.Debug|x64.ActiveCfg = Debug|x64
		{7D88DD3E-2DC0-4F96-AACB-63A1478627D6}.Debug|x64.Build.0 = Debug|x64
		{7D88DD3E-2DC0-4F96-AACB-63A1478627D6}.Release|Win32.ActiveCfg = Release|Win32
		{7D88DD3E-2DC0-4F96-AACB-63A1478627D6}.Release|Win32.Build.0 = Release|Win32
		{7D88DD3E-2DC0-4F96-AACB-63A1478627D6}.Release|x64.ActiveCfg = Release|x64
		{7D88DD3E-2DC0-4F96-AACB-63A1478627D6}.Release|x64.Build.0 = Release|x64
		{5A4234BA-9B20-4CD4-B9F0-D7BC800EDB93}.Debug|Win32.ActiveCfg = Debug|Win32
		{5A4234BA-9B20-4CD4-B9F0-D7BC800EDB93}.Debug|Win32.Build.0 = Debug|Win32
		{5A4234BA-9B20-4CD4-B9F0-D7BC800EDB93}.Debug|x64.ActiveCfg = Debug|x64
		{5A4234BA-9B20-4CD4-B9F0-D7BC800EDB93}.Debug|x64.Build.0 = Debug|x64
		{5A4234BA-9B20-4CD4-B9F0-D7BC800EDB93}.Release|Win32.ActiveCfg = Release|Win32
		{5A4234BA-9B20-4CD4-B9F0-D7BC800EDB93}.Release|Win32.Build.0 = Release|Win32
		{5A4234BA-9B20-4CD4-B9F0-D7BC800EDB93}.Release|x64.ActiveCfg = Release|x64
		{5A4234BA-9B20-4CD4-B9F0-D7BC800EDB93}.Release|x64.Build.0 = Release|x64
		{45A7F934-B26F-486E-9CE9-67E9183B8712}.Debug|Win32.ActiveCfg = Debug|Win32
		{45A7F934-B26F-486E-9CE9-67E9183B8712}.Debug|Win32.Build.0 = Debug|Win32
		{45A7F934-B26F-486E-9CE9-67E9183B8712}.Debug|x64.ActiveCfg = Debug|x64
		{45A7F934-B26F-486E-9CE9-67E9183B8712}.Debug|x64.Build.0 = Debug|x64
		{45A7F934-B26F-486E-9CE9-67E9183B8712}.Release|Win32.ActiveCfg = Release|Win32
		{45A7F934-B26F-486E-9CE9-67E9183B8712}.Release|Win32.Build.0 = Release|Win32
		{45A7F934-B26F-486E-9CE9-67E9183B8712}.Release|x64.ActiveCfg = Release|x64
		{45A7F934-B26F-486E-9CE9-67E9183B8712}.Release|x64.Build.0 = Release|x64
	EndGlobalSection
	GlobalSection(SolutionProperties) = preSolution
		HideSolutionNode = FALSE
	EndGlobalSection
	GlobalSection(ExtensibilityGlobals) = postSolution
		SolutionGuid = {61DF3DF3-78F2-431B-9E14-70BCD363D843}
	EndGlobalSection
EndGlobal
